
Microsoft Visual Studio Solution File, Format Version 11.00
# Visual C# Express 2010
Project("{FAE04EC0-301F-11D3-BF4B-00C04F79EFBC}") = "mnPassingCsTest", "mnPassingCsTest.csproj", "{C556AACD-80DA-4334-B57B-4621D88B0B8D}"
EndProject
Project("{FAE04EC0-301F-11D3-BF4B-00C04F79EFBC}") = "TestDll", "..\TestDll\TestDll.csproj", "{0EC0DF45-E9F6-4E42-9ACF-85F244E90E5C}"
EndProject
Global
	GlobalSection(SolutionConfigurationPlatforms) = preSolution
		Debug|Any CPU = Debug|Any CPU
		Debug|Mixed Platforms = Debug|Mixed Platforms
		Debug|x86 = Debug|x86
		Release|Any CPU = Release|Any CPU
		Release|Mixed Platforms = Release|Mixed Platforms
		Release|x86 = Release|x86
	EndGlobalSection
	GlobalSection(ProjectConfigurationPlatforms) = postSolution
		{C556AACD-80DA-4334-B57B-4621D88B0B8D}.Debug|Any CPU.ActiveCfg = Debug|x86
		{C556AACD-80DA-4334-B57B-4621D88B0B8D}.Debug|Mixed Platforms.ActiveCfg = Debug|x86
		{C556AACD-80DA-4334-B57B-4621D88B0B8D}.Debug|Mixed Platforms.Build.0 = Debug|x86
		{C556AACD-80DA-4334-B57B-4621D88B0B8D}.Debug|x86.ActiveCfg = Debug|x86
		{C556AACD-80DA-4334-B57B-4621D88B0B8D}.Debug|x86.Build.0 = Debug|x86
		{C556AACD-80DA-4334-B57B-4621D88B0B8D}.Release|Any CPU.ActiveCfg = Release|x86
		{C556AACD-80DA-4334-B57B-4621D88B0B8D}.Release|Mixed Platforms.ActiveCfg = Release|x86
		{C556AACD-80DA-4334-B57B-4621D88B0B8D}.Release|Mixed Platforms.Build.0 = Release|x86
		{C556AACD-80DA-4334-B57B-4621D88B0B8D}.Release|x86.ActiveCfg = Release|x86
		{C556AACD-80DA-4334-B57B-4621D88B0B8D}.Release|x86.Build.0 = Release|x86
		{0EC0DF45-E9F6-4E42-9ACF-85F244E90E5C}.Debug|Any CPU.ActiveCfg = Debug|Any CPU
		{0EC0DF45-E9F6-4E42-9ACF-85F244E90E5C}.Debug|Any CPU.Build.0 = Debug|Any CPU
		{0EC0DF45-E9F6-4E42-9ACF-85F244E90E5C}.Debug|Mixed Platforms.ActiveCfg = Debug|Any CPU
		{0EC0DF45-E9F6-4E42-9ACF-85F244E90E5C}.Debug|Mixed Platforms.Build.0 = Debug|Any CPU
		{0EC0DF45-E9F6-4E42-9ACF-85F244E90E5C}.Debug|x86.ActiveCfg = Debug|Any CPU
		{0EC0DF45-E9F6-4E42-9ACF-85F244E90E5C}.Release|Any CPU.ActiveCfg = Release|Any CPU
		{0EC0DF45-E9F6-4E42-9ACF-85F244E90E5C}.Release|Any CPU.Build.0 = Release|Any CPU
		{0EC0DF45-E9F6-4E42-9ACF-85F244E90E5C}.Release|Mixed Platforms.ActiveCfg = Release|Any CPU
		{0EC0DF45-E9F6-4E42-9ACF-85F244E90E5C}.Release|Mixed Platforms.Build.0 = Release|Any CPU
		{0EC0DF45-E9F6-4E42-9ACF-85F244E90E5C}.Release|x86.ActiveCfg = Release|Any CPU
	EndGlobalSection
	GlobalSection(SolutionProperties) = preSolution
		HideSolutionNode = FALSE
	EndGlobalSection
EndGlobal
